
Microsoft Visual Studio Solution File, Format Version 12.00
# Visual Studio Version 17
VisualStudioVersion = 17.7.34024.191
MinimumVisualStudioVersion = 10.0.40219.1
Project("{888888A0-9F3D-457C-B088-3A5042F75D52}") = "VLC", "VLC.pyproj", "{9D41E0E1-7D96-4569-8878-520E468396F2}"
EndProject
Global
	GlobalSection(SolutionConfigurationPlatforms) = preSolution
		Debug|Any CPU = Debug|Any CPU
		Release|Any CPU = Release|Any CPU
	EndGlobalSection
	GlobalSection(ProjectConfigurationPlatforms) = postSolution
		{9D41E0E1-7D96-4569-8878-520E468396F2}.Debug|Any CPU.ActiveCfg = Debug|Any CPU
		{9D41E0E1-7D96-4569-8878-520E468396F2}.Release|Any CPU.ActiveCfg = Release|Any CPU
	EndGlobalSection
	GlobalSection(SolutionProperties) = preSolution
		HideSolutionNode = FALSE
	EndGlobalSection
	GlobalSection(ExtensibilityGlobals) = postSolution
		SolutionGuid = {CB51B53F-E54A-4862-A969-9BF54D2AAFA7}
	EndGlobalSection
EndGlobal
